
Microsoft Visual Studio Solution File, Format Version 12.00
# Visual Studio Version 17
VisualStudioVersion = 17.4.33205.214
MinimumVisualStudioVersion = 10.0.40219.1
Project("{FAE04EC0-301F-11D3-BF4B-00C04F79EFBC}") = "Note-app", "Note-app\Note-app.csproj", "{652DB15D-74BC-44A7-962F-E6FD84396ED5}"
EndProject
Global
	GlobalSection(SolutionConfigurationPlatforms) = preSolution
		Debug|Any CPU = Debug|Any CPU
		Release|Any CPU = Release|Any CPU
	EndGlobalSection
	GlobalSection(ProjectConfigurationPlatforms) = postSolution
		{652DB15D-74BC-44A7-962F-E6FD84396ED5}.Debug|Any CPU.ActiveCfg = Debug|Any CPU
		{652DB15D-74BC-44A7-962F-E6FD84396ED5}.Debug|Any CPU.Build.0 = Debug|Any CPU
		{652DB15D-74BC-44A7-962F-E6FD84396ED5}.Release|Any CPU.ActiveCfg = Release|Any CPU
		{652DB15D-74BC-44A7-962F-E6FD84396ED5}.Release|Any CPU.Build.0 = Release|Any CPU
	EndGlobalSection
	GlobalSection(SolutionProperties) = preSolution
		HideSolutionNode = FALSE
	EndGlobalSection
	GlobalSection(ExtensibilityGlobals) = postSolution
		SolutionGuid = {AFEF2BDC-8AB0-485D-AB9C-0EA3685102DB}
	EndGlobalSection
EndGlobal
